
Microsoft Visual Studio Solution File, Format Version 12.00
# Visual Studio Version 16
VisualStudioVersion = 16.0.30104.148
MinimumVisualStudioVersion = 10.0.40219.1
Project("{FAE04EC0-301F-11D3-BF4B-00C04F79EFBC}") = "DeskBandServer.Grpc", "DeskBandServer.Grpc\DeskBandServer.Grpc.csproj", "{09C312A0-BDEC-4370-AD61-88ACA8CAA27C}"
EndProject
Project("{FAE04EC0-301F-11D3-BF4B-00C04F79EFBC}") = "DeskBandServer.Test", "DeskBandServer.Test\DeskBandServer.Test.csproj", "{0D610821-58A0-43E9-AC76-5A56998D8BB8}"
EndProject
Global
	GlobalSection(SolutionConfigurationPlatforms) = preSolution
		Debug|Any CPU = Debug|Any CPU
		Release|Any CPU = Release|Any CPU
	EndGlobalSection
	GlobalSection(ProjectConfigurationPlatforms) = postSolution
		{09C312A0-BDEC-4370-AD61-88ACA8CAA27C}.Debug|Any CPU.ActiveCfg = Debug|Any CPU
		{09C312A0-BDEC-4370-AD61-88ACA8CAA27C}.Debug|Any CPU.Build.0 = Debug|Any CPU
		{09C312A0-BDEC-4370-AD61-88ACA8CAA27C}.Release|Any CPU.ActiveCfg = Release|Any CPU
		{09C312A0-BDEC-4370-AD61-88ACA8CAA27C}.Release|Any CPU.Build.0 = Release|Any CPU
		{0D610821-58A0-43E9-AC76-5A56998D8BB8}.Debug|Any CPU.ActiveCfg = Debug|Any CPU
		{0D610821-58A0-43E9-AC76-5A56998D8BB8}.Debug|Any CPU.Build.0 = Debug|Any CPU
		{0D610821-58A0-43E9-AC76-5A56998D8BB8}.Release|Any CPU.ActiveCfg = Release|Any CPU
		{0D610821-58A0-43E9-AC76-5A56998D8BB8}.Release|Any CPU.Build.0 = Release|Any CPU
	EndGlobalSection
	GlobalSection(SolutionProperties) = preSolution
		HideSolutionNode = FALSE
	EndGlobalSection
	GlobalSection(ExtensibilityGlobals) = postSolution
		SolutionGuid = {519FFF60-D4EF-45E1-81BB-19DF4FAC422C}
	EndGlobalSection
EndGlobal
